
Microsoft Visual Studio Solution File, Format Version 12.00
# Visual Studio Version 16
VisualStudioVersion = 16.0.32510.428
MinimumVisualStudioVersion = 10.0.40219.1
Project("{FAE04EC0-301F-11D3-BF4B-00C04F79EFBC}") = "EstockMarket", "EstockMarket\EstockMarket.csproj", "{ED5D8D33-9ACE-4C42-B44A-9D1779AE7820}"
EndProject
Global
	GlobalSection(SolutionConfigurationPlatforms) = preSolution
		Debug|Any CPU = Debug|Any CPU
		Release|Any CPU = Release|Any CPU
	EndGlobalSection
	GlobalSection(ProjectConfigurationPlatforms) = postSolution
		{ED5D8D33-9ACE-4C42-B44A-9D1779AE7820}.Debug|Any CPU.ActiveCfg = Debug|Any CPU
		{ED5D8D33-9ACE-4C42-B44A-9D1779AE7820}.Debug|Any CPU.Build.0 = Debug|Any CPU
		{ED5D8D33-9ACE-4C42-B44A-9D1779AE7820}.Release|Any CPU.ActiveCfg = Release|Any CPU
		{ED5D8D33-9ACE-4C42-B44A-9D1779AE7820}.Release|Any CPU.Build.0 = Release|Any CPU
	EndGlobalSection
	GlobalSection(SolutionProperties) = preSolution
		HideSolutionNode = FALSE
	EndGlobalSection
	GlobalSection(ExtensibilityGlobals) = postSolution
		SolutionGuid = {0F185598-B8D6-4D98-A53C-C74AFF66F5AC}
	EndGlobalSection
EndGlobal
